
Microsoft Visual Studio Solution File, Format Version 12.00
# Visual Studio Version 17
VisualStudioVersion = 17.12.35514.174
MinimumVisualStudioVersion = 10.0.40219.1
Project("{2150E333-8FDC-42A3-9474-1A3956D46DE8}") = "src", "src", "{380159A0-CCDE-4880-9FB9-C8F567E6EDB0}"
EndProject
Project("{2150E333-8FDC-42A3-9474-1A3956D46DE8}") = "0 Core", "0 Core", "{B8C9C8C8-94A5-40EF-8FDE-C68413272E2C}"
EndProject
Project("{2150E333-8FDC-42A3-9474-1A3956D46DE8}") = "1 Shared", "1 Shared", "{34D438F1-0510-454E-9B11-E9D3B1CEA58C}"
EndProject
Project("{2150E333-8FDC-42A3-9474-1A3956D46DE8}") = "2 WebApi", "2 WebApi", "{3D582EC4-1E4E-48E2-9A84-A35C2CE99B2B}"
EndProject
Project("{2150E333-8FDC-42A3-9474-1A3956D46DE8}") = "3 WebGateway", "3 WebGateway", "{F338F528-3532-4868-AD02-E70273A86E1B}"
EndProject
Project("{2150E333-8FDC-42A3-9474-1A3956D46DE8}") = "4 Modules", "4 Modules", "{1A8A0544-0F94-4BAA-B9AD-F5FBA139C005}"
EndProject
Project("{2150E333-8FDC-42A3-9474-1A3956D46DE8}") = "5 Tests", "5 Tests", "{85C63B63-C8A6-4F5D-9A34-4EA55EEB68B5}"
EndProject
Project("{FAE04EC0-301F-11D3-BF4B-00C04F79EFBC}") = "Sample.MM.Core", "src\Core\Sample.MM.Core\Sample.MM.Core.csproj", "{64C0E141-AF85-45BA-A610-854375CE0405}"
EndProject
Project("{2150E333-8FDC-42A3-9474-1A3956D46DE8}") = "User", "User", "{E06EBB03-F106-4183-8C91-8248714AE304}"
EndProject
Project("{2150E333-8FDC-42A3-9474-1A3956D46DE8}") = "Business Services", "Business Services", "{CE6174AB-FC4B-444E-A445-831581035C6F}"
EndProject
Project("{2150E333-8FDC-42A3-9474-1A3956D46DE8}") = "Order", "Order", "{4FBE4159-6820-4868-8E52-6109095EE308}"
EndProject
Project("{2150E333-8FDC-42A3-9474-1A3956D46DE8}") = "Data Services", "Data Services", "{70DDE077-977F-4C49-9B9F-C359F5274B2C}"
EndProject
Project("{FAE04EC0-301F-11D3-BF4B-00C04F79EFBC}") = "Sample.MM.Order", "src\Modules\Order\Sample.MM.Order\Sample.MM.Order.csproj", "{41BE7B20-7B89-4FEF-BF0E-413C57093A7A}"
EndProject
Project("{FAE04EC0-301F-11D3-BF4B-00C04F79EFBC}") = "Sample.MM.User.Service", "src\Modules\User\Sample.MM.User.Services\Sample.MM.User.Service.csproj", "{B47B1576-04D2-4194-BA4B-B9E2E204EC08}"
EndProject
Project("{FAE04EC0-301F-11D3-BF4B-00C04F79EFBC}") = "Sample.MM.User.Service.Model", "src\Modules\User\Sample.MM.User.Service.Model\Sample.MM.User.Service.Model.csproj", "{0D0F7D47-A33E-4396-8A7F-EF58A2C64081}"
EndProject
Project("{FAE04EC0-301F-11D3-BF4B-00C04F79EFBC}") = "Sample.MM.User.Data", "src\Modules\User\Sample.MM.User.Data\Sample.MM.User.Data.csproj", "{13622D5F-953C-4A66-BD91-8C93951F2B5E}"
EndProject
Project("{FAE04EC0-301F-11D3-BF4B-00C04F79EFBC}") = "Sample.MM.User.Data.Contract", "src\Modules\User\Sample.MM.User.DataContract\Sample.MM.User.Data.Contract.csproj", "{D125DFEF-524B-416D-835E-BC0F054C90BE}"
EndProject
Project("{FAE04EC0-301F-11D3-BF4B-00C04F79EFBC}") = "Sample.MM.User.Repository", "src\Modules\User\Sample.MM.User.Repository\Sample.MM.User.Repository.csproj", "{D73C4AE1-6543-4FB1-BDF3-632D36E1C430}"
EndProject
Project("{FAE04EC0-301F-11D3-BF4B-00C04F79EFBC}") = "Sample.MM.User.Service.Contract", "src\Modules\User\Sample.MM.User.Service.Control\Sample.MM.User.Service.Contract.csproj", "{5064F31E-2796-4638-B0AF-48AC0C7E9824}"
EndProject
Project("{FAE04EC0-301F-11D3-BF4B-00C04F79EFBC}") = "Sample.MM.User.Repository.Contract", "src\Modules\User\Sample.MM.User.Repository.Contract\Sample.MM.User.Repository.Contract.csproj", "{9EE79BE6-A17E-4F52-A839-DE65A1B38BBF}"
EndProject
Project("{FAE04EC0-301F-11D3-BF4B-00C04F79EFBC}") = "Sample.MM.User.Data.Models", "Sample.MM.User.Data.Models\Sample.MM.User.Data.Models.csproj", "{BBC6E34D-E6D2-4B00-9813-80B9DA30520D}"
EndProject
Project("{FAE04EC0-301F-11D3-BF4B-00C04F79EFBC}") = "Sample.MM.Common", "src\Core\Sample.MM.Common\Sample.MM.Common.csproj", "{0177CD98-9763-476E-8F52-D45E22C3AD80}"
EndProject
Global
	GlobalSection(SolutionConfigurationPlatforms) = preSolution
		Debug|Any CPU = Debug|Any CPU
		Release|Any CPU = Release|Any CPU
	EndGlobalSection
	GlobalSection(ProjectConfigurationPlatforms) = postSolution
		{64C0E141-AF85-45BA-A610-854375CE0405}.Debug|Any CPU.ActiveCfg = Debug|Any CPU
		{64C0E141-AF85-45BA-A610-854375CE0405}.Debug|Any CPU.Build.0 = Debug|Any CPU
		{64C0E141-AF85-45BA-A610-854375CE0405}.Release|Any CPU.ActiveCfg = Release|Any CPU
		{64C0E141-AF85-45BA-A610-854375CE0405}.Release|Any CPU.Build.0 = Release|Any CPU
		{41BE7B20-7B89-4FEF-BF0E-413C57093A7A}.Debug|Any CPU.ActiveCfg = Debug|Any CPU
		{41BE7B20-7B89-4FEF-BF0E-413C57093A7A}.Debug|Any CPU.Build.0 = Debug|Any CPU
		{41BE7B20-7B89-4FEF-BF0E-413C57093A7A}.Release|Any CPU.ActiveCfg = Release|Any CPU
		{41BE7B20-7B89-4FEF-BF0E-413C57093A7A}.Release|Any CPU.Build.0 = Release|Any CPU
		{B47B1576-04D2-4194-BA4B-B9E2E204EC08}.Debug|Any CPU.ActiveCfg = Debug|Any CPU
		{B47B1576-04D2-4194-BA4B-B9E2E204EC08}.Debug|Any CPU.Build.0 = Debug|Any CPU
		{B47B1576-04D2-4194-BA4B-B9E2E204EC08}.Release|Any CPU.ActiveCfg = Release|Any CPU
		{B47B1576-04D2-4194-BA4B-B9E2E204EC08}.Release|Any CPU.Build.0 = Release|Any CPU
		{0D0F7D47-A33E-4396-8A7F-EF58A2C64081}.Debug|Any CPU.ActiveCfg = Debug|Any CPU
		{0D0F7D47-A33E-4396-8A7F-EF58A2C64081}.Debug|Any CPU.Build.0 = Debug|Any CPU
		{0D0F7D47-A33E-4396-8A7F-EF58A2C64081}.Release|Any CPU.ActiveCfg = Release|Any CPU
		{0D0F7D47-A33E-4396-8A7F-EF58A2C64081}.Release|Any CPU.Build.0 = Release|Any CPU
		{13622D5F-953C-4A66-BD91-8C93951F2B5E}.Debug|Any CPU.ActiveCfg = Debug|Any CPU
		{13622D5F-953C-4A66-BD91-8C93951F2B5E}.Debug|Any CPU.Build.0 = Debug|Any CPU
		{13622D5F-953C-4A66-BD91-8C93951F2B5E}.Release|Any CPU.ActiveCfg = Release|Any CPU
		{13622D5F-953C-4A66-BD91-8C93951F2B5E}.Release|Any CPU.Build.0 = Release|Any CPU
		{D125DFEF-524B-416D-835E-BC0F054C90BE}.Debug|Any CPU.ActiveCfg = Debug|Any CPU
		{D125DFEF-524B-416D-835E-BC0F054C90BE}.Debug|Any CPU.Build.0 = Debug|Any CPU
		{D125DFEF-524B-416D-835E-BC0F054C90BE}.Release|Any CPU.ActiveCfg = Release|Any CPU
		{D125DFEF-524B-416D-835E-BC0F054C90BE}.Release|Any CPU.Build.0 = Release|Any CPU
		{D73C4AE1-6543-4FB1-BDF3-632D36E1C430}.Debug|Any CPU.ActiveCfg = Debug|Any CPU
		{D73C4AE1-6543-4FB1-BDF3-632D36E1C430}.Debug|Any CPU.Build.0 = Debug|Any CPU
		{D73C4AE1-6543-4FB1-BDF3-632D36E1C430}.Release|Any CPU.ActiveCfg = Release|Any CPU
		{D73C4AE1-6543-4FB1-BDF3-632D36E1C430}.Release|Any CPU.Build.0 = Release|Any CPU
		{5064F31E-2796-4638-B0AF-48AC0C7E9824}.Debug|Any CPU.ActiveCfg = Debug|Any CPU
		{5064F31E-2796-4638-B0AF-48AC0C7E9824}.Debug|Any CPU.Build.0 = Debug|Any CPU
		{5064F31E-2796-4638-B0AF-48AC0C7E9824}.Release|Any CPU.ActiveCfg = Release|Any CPU
		{5064F31E-2796-4638-B0AF-48AC0C7E9824}.Release|Any CPU.Build.0 = Release|Any CPU
		{9EE79BE6-A17E-4F52-A839-DE65A1B38BBF}.Debug|Any CPU.ActiveCfg = Debug|Any CPU
		{9EE79BE6-A17E-4F52-A839-DE65A1B38BBF}.Debug|Any CPU.Build.0 = Debug|Any CPU
		{9EE79BE6-A17E-4F52-A839-DE65A1B38BBF}.Release|Any CPU.ActiveCfg = Release|Any CPU
		{9EE79BE6-A17E-4F52-A839-DE65A1B38BBF}.Release|Any CPU.Build.0 = Release|Any CPU
		{BBC6E34D-E6D2-4B00-9813-80B9DA30520D}.Debug|Any CPU.ActiveCfg = Debug|Any CPU
		{BBC6E34D-E6D2-4B00-9813-80B9DA30520D}.Debug|Any CPU.Build.0 = Debug|Any CPU
		{BBC6E34D-E6D2-4B00-9813-80B9DA30520D}.Release|Any CPU.ActiveCfg = Release|Any CPU
		{BBC6E34D-E6D2-4B00-9813-80B9DA30520D}.Release|Any CPU.Build.0 = Release|Any CPU
		{0177CD98-9763-476E-8F52-D45E22C3AD80}.Debug|Any CPU.ActiveCfg = Debug|Any CPU
		{0177CD98-9763-476E-8F52-D45E22C3AD80}.Debug|Any CPU.Build.0 = Debug|Any CPU
		{0177CD98-9763-476E-8F52-D45E22C3AD80}.Release|Any CPU.ActiveCfg = Release|Any CPU
		{0177CD98-9763-476E-8F52-D45E22C3AD80}.Release|Any CPU.Build.0 = Release|Any CPU
	EndGlobalSection
	GlobalSection(SolutionProperties) = preSolution
		HideSolutionNode = FALSE
	EndGlobalSection
	GlobalSection(NestedProjects) = preSolution
		{B8C9C8C8-94A5-40EF-8FDE-C68413272E2C} = {380159A0-CCDE-4880-9FB9-C8F567E6EDB0}
		{34D438F1-0510-454E-9B11-E9D3B1CEA58C} = {380159A0-CCDE-4880-9FB9-C8F567E6EDB0}
		{3D582EC4-1E4E-48E2-9A84-A35C2CE99B2B} = {380159A0-CCDE-4880-9FB9-C8F567E6EDB0}
		{F338F528-3532-4868-AD02-E70273A86E1B} = {380159A0-CCDE-4880-9FB9-C8F567E6EDB0}
		{1A8A0544-0F94-4BAA-B9AD-F5FBA139C005} = {380159A0-CCDE-4880-9FB9-C8F567E6EDB0}
		{85C63B63-C8A6-4F5D-9A34-4EA55EEB68B5} = {380159A0-CCDE-4880-9FB9-C8F567E6EDB0}
		{64C0E141-AF85-45BA-A610-854375CE0405} = {B8C9C8C8-94A5-40EF-8FDE-C68413272E2C}
		{E06EBB03-F106-4183-8C91-8248714AE304} = {1A8A0544-0F94-4BAA-B9AD-F5FBA139C005}
		{CE6174AB-FC4B-444E-A445-831581035C6F} = {E06EBB03-F106-4183-8C91-8248714AE304}
		{4FBE4159-6820-4868-8E52-6109095EE308} = {1A8A0544-0F94-4BAA-B9AD-F5FBA139C005}
		{70DDE077-977F-4C49-9B9F-C359F5274B2C} = {E06EBB03-F106-4183-8C91-8248714AE304}
		{41BE7B20-7B89-4FEF-BF0E-413C57093A7A} = {4FBE4159-6820-4868-8E52-6109095EE308}
		{B47B1576-04D2-4194-BA4B-B9E2E204EC08} = {CE6174AB-FC4B-444E-A445-831581035C6F}
		{0D0F7D47-A33E-4396-8A7F-EF58A2C64081} = {CE6174AB-FC4B-444E-A445-831581035C6F}
		{13622D5F-953C-4A66-BD91-8C93951F2B5E} = {70DDE077-977F-4C49-9B9F-C359F5274B2C}
		{D125DFEF-524B-416D-835E-BC0F054C90BE} = {70DDE077-977F-4C49-9B9F-C359F5274B2C}
		{D73C4AE1-6543-4FB1-BDF3-632D36E1C430} = {70DDE077-977F-4C49-9B9F-C359F5274B2C}
		{5064F31E-2796-4638-B0AF-48AC0C7E9824} = {CE6174AB-FC4B-444E-A445-831581035C6F}
		{9EE79BE6-A17E-4F52-A839-DE65A1B38BBF} = {70DDE077-977F-4C49-9B9F-C359F5274B2C}
		{BBC6E34D-E6D2-4B00-9813-80B9DA30520D} = {70DDE077-977F-4C49-9B9F-C359F5274B2C}
		{0177CD98-9763-476E-8F52-D45E22C3AD80} = {B8C9C8C8-94A5-40EF-8FDE-C68413272E2C}
	EndGlobalSection
EndGlobal
